// !$*UTF8*$!
{
	archiveVersion = 1;
	classes = {
	};
	objectVersion = 46;
	objects = {

/* Begin PBXBuildFile section */
		932E7BF11D62EDCA00247124 /* AppDelegate.swift in Sources */ = {isa = PBXBuildFile; fileRef = 932E7BF01D62EDCA00247124 /* AppDelegate.swift */; };
		932E7BF31D62EDCA00247124 /* ViewController.swift in Sources */ = {isa = PBXBuildFile; fileRef = 932E7BF21D62EDCA00247124 /* ViewController.swift */; };
		932E7BF61D62EDCA00247124 /* Main.storyboard in Resources */ = {isa = PBXBuildFile; fileRef = 932E7BF41D62EDCA00247124 /* Main.storyboard */; };
		932E7BF81D62EDCA00247124 /* Assets.xcassets in Resources */ = {isa = PBXBuildFile; fileRef = 932E7BF71D62EDCA00247124 /* Assets.xcassets */; };
		932E7BFB1D62EDCA00247124 /* LaunchScreen.storyboard in Resources */ = {isa = PBXBuildFile; fileRef = 932E7BF91D62EDCA00247124 /* LaunchScreen.storyboard */; };
/* End PBXBuildFile section */

/* Begin PBXFileReference section */
		932E7BED1D62EDCA00247124 /* 01-TapCounter.app */ = {isa = PBXFileReference; explicitFileType = wrapper.application; includeInIndex = 0; path = "01-TapCounter.app"; sourceTree = BUILT_PRODUCTS_DIR; };
		932E7BF01D62EDCA00247124 /* AppDelegate.swift */ = {isa = PBXFileReference; lastKnownFileType = sourcecode.swift; path = AppDelegate.swift; sourceTree = "<group>"; };
		932E7BF21D62EDCA00247124 /* ViewController.swift */ = {isa = PBXFileReference; lastKnownFileType = sourcecode.swift; path = ViewController.swift; sourceTree = "<group>"; };
		932E7BF51D62EDCA00247124 /* Base */ = {isa = PBXFileReference; lastKnownFileType = file.storyboard; name = Base; path = Base.lproj/Main.storyboard; sourceTree = "<group>"; };
		932E7BF71D62EDCA00247124 /* Assets.xcassets */ = {isa = PBXFileReference; lastKnownFileType = folder.assetcatalog; path = Assets.xcassets; sourceTree = "<group>"; };
		932E7BFA1D62EDCA00247124 /* Base */ = {isa = PBXFileReference; lastKnownFileType = file.storyboard; name = Base; path = Base.lproj/LaunchScreen.storyboard; sourceTree = "<group>"; };
		932E7BFC1D62EDCA00247124 /* Info.plist */ = {isa = PBXFileReference; lastKnownFileType = text.plist.xml; path = Info.plist; sourceTree = "<group>"; };
/* End PBXFileReference section */

/* Begin PBXFrameworksBuildPhase section */
		932E7BEA1D62EDCA00247124 /* Frameworks */ = {
			isa = PBXFrameworksBuildPhase;
			buildActionMask = 2147483647;
			files = (
			);
			runOnlyForDeploymentPostprocessing = 0;
		};
/* End PBXFrameworksBuildPhase section */

/* Begin PBXGroup section */
		932E7BE41D62EDCA00247124 = {
			isa = PBXGroup;
			children = (
				932E7BEF1D62EDCA00247124 /* 01-TapCounter */,
				932E7BEE1D62EDCA00247124 /* Products */,
			);
			sourceTree = "<group>";
		};
		932E7BEE1D62EDCA00247124 /* Products */ = {
			isa = PBXGroup;
			children = (
				932E7BED1D62EDCA00247124 /* 01-TapCounter.app */,
			);
			name = Products;
			sourceTree = "<group>";
		};
		932E7BEF1D62EDCA00247124 /* 01-TapCounter */ = {
			isa = PBXGroup;
			children = (
				932E7BF01D62EDCA00247124 /* AppDelegate.swift */,
				932E7BF21D62EDCA00247124 /* ViewController.swift */,
				932E7BF41D62EDCA00247124 /* Main.storyboard */,
				932E7BF71D62EDCA00247124 /* Assets.xcassets */,
				932E7BF91D62EDCA00247124 /* LaunchScreen.storyboard */,
				932E7BFC1D62EDCA00247124 /* Info.plist */,
			);
			path = "01-TapCounter";
			sourceTree = "<group>";
		};
/* End PBXGroup section */

/* Begin PBXNativeTarget section */
		932E7BEC1D62EDCA00247124 /* 01-TapCounter */ = {
			isa = PBXNativeTarget;
			buildConfigurationList = 932E7BFF1D62EDCA00247124 /* Build configuration list for PBXNativeTarget "01-TapCounter" */;
			buildPhases = (
				932E7BE91D62EDCA00247124 /* Sources */,
				932E7BEA1D62EDCA00247124 /* Frameworks */,
				932E7BEB1D62EDCA00247124 /* Resources */,
			);
			buildRules = (
			);
			dependencies = (
			);
			name = "01-TapCounter";
			productName = "01-TapCounter";
			productReference = 932E7BED1D62EDCA00247124 /* 01-TapCounter.app */;
			productType = "com.apple.product-type.application";
		};
/* End PBXNativeTarget section */

/* Begin PBXProject section */
		932E7BE51D62EDCA00247124 /* Project object */ = {
			isa = PBXProject;
			attributes = {
				LastSwiftUpdateCheck = 0730;
				LastUpgradeCheck = 0730;
				ORGANIZATIONNAME = aaron;
				TargetAttributes = {
					932E7BEC1D62EDCA00247124 = {
						CreatedOnToolsVersion = 7.3.1;
					};
				};
			};
			buildConfigurationList = 932E7BE81D62EDCA00247124 /* Build configuration list for PBXProject "01-TapCounter" */;
			compatibilityVersion = "Xcode 3.2";
			developmentRegion = English;
			hasScannedForEncodings = 0;
			knownRegions = (
				en,
				Base,
			);
			mainGroup = 932E7BE41D62EDCA00247124;
			productRefGroup = 932E7BEE1D62EDCA00247124 /* Products */;
			projectDirPath = "";
			projectRoot = "";
			targets = (
				932E7BEC1D62EDCA00247124 /* 01-TapCounter */,
			);
		};
/* End PBXProject section */

/* Begin PBXResourcesBuildPhase section */
		932E7BEB1D62EDCA00247124 /* Resources */ = {
			isa = PBXResourcesBuildPhase;
			buildActionMask = 2147483647;
			files = (
				932E7BFB1D62EDCA00247124 /* LaunchScreen.storyboard in Resources */,
				932E7BF81D62EDCA00247124 /* Assets.xcassets in Resources */,
				932E7BF61D62EDCA00247124 /* Main.storyboard in Resources */,
			);
			runOnlyForDeploymentPostprocessing = 0;
		};
/* End PBXResourcesBuildPhase section */

/* Begin PBXSourcesBuildPhase section */
		932E7BE91D62EDCA00247124 /* Sources */ = {
			isa = PBXSourcesBuildPhase;
			buildActionMask = 2147483647;
			files = (
				932E7BF31D62EDCA00247124 /* ViewController.swift in Sources */,
				932E7BF11D62EDCA00247124 /* AppDelegate.swift in Sources */,
			);
			runOnlyForDeploymentPostprocessing = 0;
		};
/* End PBXSourcesBuildPhase section */

/* Begin PBXVariantGroup section */
		932E7BF41D62EDCA00247124 /* Main.storyboard */ = {
			isa = PBXVariantGroup;
			children = (
				932E7BF51D62EDCA00247124 /* Base */,
			);
			name = Main.storyboard;
			sourceTree = "<group>";
		};
		932E7BF91D62EDCA00247124 /* LaunchScreen.storyboard */ = {
			isa = PBXVariantGroup;
			children = (
				932E7BFA1D62EDCA00247124 /* Base */,
			);
			name = LaunchScreen.storyboard;
			sourceTree = "<group>";
		};
/* End PBXVariantGroup section */

/* Begin XCBuildConfiguration section */
		932E7BFD1D62EDCA00247124 /* Debug */ = {
			isa = XCBuildConfiguration;
			buildSettings = {
				ALWAYS_SEARCH_USER_PATHS = NO;
				CLANG_ANALYZER_NONNULL = YES;
				CLANG_CXX_LANGUAGE_STANDARD = "gnu++0x";
				CLANG_CXX_LIBRARY = "libc++";
				CLANG_ENABLE_MODULES = YES;
				CLANG_ENABLE_OBJC_ARC = YES;
				CLANG_WARN_BOOL_CONVERSION = YES;
				CLANG_WARN_CONSTANT_CONVERSION = YES;
				CLANG_WARN_DIRECT_OBJC_ISA_USAGE = YES_ERROR;
				CLANG_WARN_EMPTY_BODY = YES;
				CLANG_WARN_ENUM_CONVERSION = YES;
				CLANG_WARN_INT_CONVERSION = YES;
				CLANG_WARN_OBJC_ROOT_CLASS = YES_ERROR;
				CLANG_WARN_UNREACHABLE_CODE = YES;
				CLANG_WARN__DUPLICATE_METHOD_MATCH = YES;
				"CODE_SIGN_IDENTITY[sdk=iphoneos*]" = "iPhone Developer";
				COPY_PHASE_STRIP = NO;
				DEBUG_INFORMATION_FORMAT = dwarf;
				ENABLE_STRICT_OBJC_MSGSEND = YES;
				ENABLE_TESTABILITY = YES;
				GCC_C_LANGUAGE_STANDARD = gnu99;
				GCC_DYNAMIC_NO_PIC = NO;
				GCC_NO_COMMON_BLOCKS = YES;
				GCC_OPTIMIZATION_LEVEL = 0;
				GCC_PREPROCESSOR_DEFINITIONS = (
					"DEBUG=1",
					"$(inherited)",
				);
				GCC_WARN_64_TO_32_BIT_CONVERSION = YES;
				GCC_WARN_ABOUT_RETURN_TYPE = YES_ERROR;
				GCC_WARN_UNDECLARED_SELECTOR = YES;
				GCC_WARN_UNINITIALIZED_AUTOS = YES_AGGRESSIVE;
				GCC_WARN_UNUSED_FUNCTION = YES;
				GCC_WARN_UNUSED_VARIABLE = YES;
				IPHONEOS_DEPLOYMENT_TARGET = 9.3;
				MTL_ENABLE_DEBUG_INFO = YES;
				ONLY_ACTIVE_ARCH = YES;
				SDKROOT = iphoneos;
				SWIFT_OPTIMIZATION_LEVEL = "-Onone";
				TARGETED_DEVICE_FAMILY = "1,2";
			};
			name = Debug;
		};
		932E7BFE1D62EDCA00247124 /* Release */ = {
			isa = XCBuildConfiguration;
			buildSettings = {
				ALWAYS_SEARCH_USER_PATHS = NO;
				CLANG_ANALYZER_NONNULL = YES;
				CLANG_CXX_LANGUAGE_STANDARD = "gnu++0x";
				CLANG_CXX_LIBRARY = "libc++";
				CLANG_ENABLE_MODULES = YES;
				CLANG_ENABLE_OBJC_ARC = YES;
				CLANG_WARN_BOOL_CONVERSION = YES;
				CLANG_WARN_CONSTANT_CONVERSION = YES;
				CLANG_WARN_DIRECT_OBJC_ISA_USAGE = YES_ERROR;
				CLANG_WARN_EMPTY_BODY = YES;
				CLANG_WARN_ENUM_CONVERSION = YES;
				CLANG_WARN_INT_CONVERSION = YES;
				CLANG_WARN_OBJC_ROOT_CLASS = YES_ERROR;
				CLANG_WARN_UNREACHABLE_CODE = YES;
				CLANG_WARN__DUPLICATE_METHOD_MATCH = YES;
				"CODE_SIGN_IDENTITY[sdk=iphoneos*]" = "iPhone Developer";
				COPY_PHASE_STRIP = NO;
				DEBUG_INFORMATION_FORMAT = "dwarf-with-dsym";
				ENABLE_NS_ASSERTIONS = NO;
				ENABLE_STRICT_OBJC_MSGSEND = YES;
				GCC_C_LANGUAGE_STANDARD = gnu99;
				GCC_NO_COMMON_BLOCKS = YES;
				GCC_WARN_64_TO_32_BIT_CONVERSION = YES;
				GCC_WARN_ABOUT_RETURN_TYPE = YES_ERROR;
				GCC_WARN_UNDECLARED_SELECTOR = YES;
				GCC_WARN_UNINITIALIZED_AUTOS = YES_AGGRESSIVE;
				GCC_WARN_UNUSED_FUNCTION = YES;
				GCC_WARN_UNUSED_VARIABLE = YES;
				IPHONEOS_DEPLOYMENT_TARGET = 9.3;
				MTL_ENABLE_DEBUG_INFO = NO;
				SDKROOT = iphoneos;
				TARGETED_DEVICE_FAMILY = "1,2";
				VALIDATE_PRODUCT = YES;
			};
			name = Release;
		};
		932E7C001D62EDCA00247124 /* Debug */ = {
			isa = XCBuildConfiguration;
			buildSettings = {
				ASSETCATALOG_COMPILER_APPICON_NAME = AppIcon;
				INFOPLIST_FILE = "01-TapCounter/Info.plist";
				LD_RUNPATH_SEARCH_PATHS = "$(inherited) @executable_path/Frameworks";
				PRODUCT_BUNDLE_IDENTIFIER = "com.classic.-1-TapCounter";
				PRODUCT_NAME = "$(TARGET_NAME)";
			};
			name = Debug;
		};
		932E7C011D62EDCA00247124 /* Release */ = {
			isa = XCBuildConfiguration;
			buildSettings = {
				ASSETCATALOG_COMPILER_APPICON_NAME = AppIcon;
				INFOPLIST_FILE = "01-TapCounter/Info.plist";
				LD_RUNPATH_SEARCH_PATHS = "$(inherited) @executable_path/Frameworks";
				PRODUCT_BUNDLE_IDENTIFIER = "com.classic.-1-TapCounter";
				PRODUCT_NAME = "$(TARGET_NAME)";
			};
			name = Release;
		};
/* End XCBuildConfiguration section */

/* Begin XCConfigurationList section */
		932E7BE81D62EDCA00247124 /* Build configuration list for PBXProject "01-TapCounter" */ = {
			isa = XCConfigurationList;
			buildConfigurations = (
				932E7BFD1D62EDCA00247124 /* Debug */,
				932E7BFE1D62EDCA00247124 /* Release */,
			);
			defaultConfigurationIsVisible = 0;
			defaultConfigurationName = Release;
		};
		932E7BFF1D62EDCA00247124 /* Build configuration list for PBXNativeTarget "01-TapCounter" */ = {
			isa = XCConfigurationList;
			buildConfigurations = (
				932E7C001D62EDCA00247124 /* Debug */,
				932E7C011D62EDCA00247124 /* Release */,
			);
			defaultConfigurationIsVisible = 0;
		};
/* End XCConfigurationList section */
	};
	rootObject = 932E7BE51D62EDCA00247124 /* Project object */;
}
