// !$*UTF8*$!
{
	archiveVersion = 1;
	classes = {
	};
	objectVersion = 46;
	objects = {

/* Begin PBXBuildFile section */
		9325B9CA1D6358DF00676616 /* AppDelegate.swift in Sources */ = {isa = PBXBuildFile; fileRef = 9325B9C91D6358DF00676616 /* AppDelegate.swift */; };
		9325B9CC1D6358DF00676616 /* ViewController.swift in Sources */ = {isa = PBXBuildFile; fileRef = 9325B9CB1D6358DF00676616 /* ViewController.swift */; };
		9325B9CF1D6358DF00676616 /* Main.storyboard in Resources */ = {isa = PBXBuildFile; fileRef = 9325B9CD1D6358DF00676616 /* Main.storyboard */; };
		9325B9D11D6358DF00676616 /* Assets.xcassets in Resources */ = {isa = PBXBuildFile; fileRef = 9325B9D01D6358DF00676616 /* Assets.xcassets */; };
		9325B9D41D6358DF00676616 /* LaunchScreen.storyboard in Resources */ = {isa = PBXBuildFile; fileRef = 9325B9D21D6358DF00676616 /* LaunchScreen.storyboard */; };
		9325B9DC1D635B8300676616 /* Settings.bundle in Resources */ = {isa = PBXBuildFile; fileRef = 9325B9DB1D635B8300676616 /* Settings.bundle */; };
/* End PBXBuildFile section */

/* Begin PBXFileReference section */
		9325B9C61D6358DF00676616 /* 02-CustomSetting.app */ = {isa = PBXFileReference; explicitFileType = wrapper.application; includeInIndex = 0; path = "02-CustomSetting.app"; sourceTree = BUILT_PRODUCTS_DIR; };
		9325B9C91D6358DF00676616 /* AppDelegate.swift */ = {isa = PBXFileReference; lastKnownFileType = sourcecode.swift; path = AppDelegate.swift; sourceTree = "<group>"; };
		9325B9CB1D6358DF00676616 /* ViewController.swift */ = {isa = PBXFileReference; lastKnownFileType = sourcecode.swift; path = ViewController.swift; sourceTree = "<group>"; };
		9325B9CE1D6358DF00676616 /* Base */ = {isa = PBXFileReference; lastKnownFileType = file.storyboard; name = Base; path = Base.lproj/Main.storyboard; sourceTree = "<group>"; };
		9325B9D01D6358DF00676616 /* Assets.xcassets */ = {isa = PBXFileReference; lastKnownFileType = folder.assetcatalog; path = Assets.xcassets; sourceTree = "<group>"; };
		9325B9D31D6358DF00676616 /* Base */ = {isa = PBXFileReference; lastKnownFileType = file.storyboard; name = Base; path = Base.lproj/LaunchScreen.storyboard; sourceTree = "<group>"; };
		9325B9D51D6358DF00676616 /* Info.plist */ = {isa = PBXFileReference; lastKnownFileType = text.plist.xml; path = Info.plist; sourceTree = "<group>"; };
		9325B9DB1D635B8300676616 /* Settings.bundle */ = {isa = PBXFileReference; lastKnownFileType = "wrapper.plug-in"; path = Settings.bundle; sourceTree = "<group>"; };
/* End PBXFileReference section */

/* Begin PBXFrameworksBuildPhase section */
		9325B9C31D6358DF00676616 /* Frameworks */ = {
			isa = PBXFrameworksBuildPhase;
			buildActionMask = 2147483647;
			files = (
			);
			runOnlyForDeploymentPostprocessing = 0;
		};
/* End PBXFrameworksBuildPhase section */

/* Begin PBXGroup section */
		9325B9BD1D6358DF00676616 = {
			isa = PBXGroup;
			children = (
				9325B9C81D6358DF00676616 /* 02-CustomSetting */,
				9325B9C71D6358DF00676616 /* Products */,
			);
			sourceTree = "<group>";
		};
		9325B9C71D6358DF00676616 /* Products */ = {
			isa = PBXGroup;
			children = (
				9325B9C61D6358DF00676616 /* 02-CustomSetting.app */,
			);
			name = Products;
			sourceTree = "<group>";
		};
		9325B9C81D6358DF00676616 /* 02-CustomSetting */ = {
			isa = PBXGroup;
			children = (
				9325B9C91D6358DF00676616 /* AppDelegate.swift */,
				9325B9CB1D6358DF00676616 /* ViewController.swift */,
				9325B9CD1D6358DF00676616 /* Main.storyboard */,
				9325B9D01D6358DF00676616 /* Assets.xcassets */,
				9325B9D21D6358DF00676616 /* LaunchScreen.storyboard */,
				9325B9D51D6358DF00676616 /* Info.plist */,
				9325B9DB1D635B8300676616 /* Settings.bundle */,
			);
			path = "02-CustomSetting";
			sourceTree = "<group>";
		};
/* End PBXGroup section */

/* Begin PBXNativeTarget section */
		9325B9C51D6358DF00676616 /* 02-CustomSetting */ = {
			isa = PBXNativeTarget;
			buildConfigurationList = 9325B9D81D6358DF00676616 /* Build configuration list for PBXNativeTarget "02-CustomSetting" */;
			buildPhases = (
				9325B9C21D6358DF00676616 /* Sources */,
				9325B9C31D6358DF00676616 /* Frameworks */,
				9325B9C41D6358DF00676616 /* Resources */,
			);
			buildRules = (
			);
			dependencies = (
			);
			name = "02-CustomSetting";
			productName = "02-CustomSetting";
			productReference = 9325B9C61D6358DF00676616 /* 02-CustomSetting.app */;
			productType = "com.apple.product-type.application";
		};
/* End PBXNativeTarget section */

/* Begin PBXProject section */
		9325B9BE1D6358DF00676616 /* Project object */ = {
			isa = PBXProject;
			attributes = {
				LastSwiftUpdateCheck = 0730;
				LastUpgradeCheck = 0730;
				ORGANIZATIONNAME = aaron;
				TargetAttributes = {
					9325B9C51D6358DF00676616 = {
						CreatedOnToolsVersion = 7.3.1;
					};
				};
			};
			buildConfigurationList = 9325B9C11D6358DF00676616 /* Build configuration list for PBXProject "02-CustomSetting" */;
			compatibilityVersion = "Xcode 3.2";
			developmentRegion = English;
			hasScannedForEncodings = 0;
			knownRegions = (
				en,
				Base,
			);
			mainGroup = 9325B9BD1D6358DF00676616;
			productRefGroup = 9325B9C71D6358DF00676616 /* Products */;
			projectDirPath = "";
			projectRoot = "";
			targets = (
				9325B9C51D6358DF00676616 /* 02-CustomSetting */,
			);
		};
/* End PBXProject section */

/* Begin PBXResourcesBuildPhase section */
		9325B9C41D6358DF00676616 /* Resources */ = {
			isa = PBXResourcesBuildPhase;
			buildActionMask = 2147483647;
			files = (
				9325B9DC1D635B8300676616 /* Settings.bundle in Resources */,
				9325B9D41D6358DF00676616 /* LaunchScreen.storyboard in Resources */,
				9325B9D11D6358DF00676616 /* Assets.xcassets in Resources */,
				9325B9CF1D6358DF00676616 /* Main.storyboard in Resources */,
			);
			runOnlyForDeploymentPostprocessing = 0;
		};
/* End PBXResourcesBuildPhase section */

/* Begin PBXSourcesBuildPhase section */
		9325B9C21D6358DF00676616 /* Sources */ = {
			isa = PBXSourcesBuildPhase;
			buildActionMask = 2147483647;
			files = (
				9325B9CC1D6358DF00676616 /* ViewController.swift in Sources */,
				9325B9CA1D6358DF00676616 /* AppDelegate.swift in Sources */,
			);
			runOnlyForDeploymentPostprocessing = 0;
		};
/* End PBXSourcesBuildPhase section */

/* Begin PBXVariantGroup section */
		9325B9CD1D6358DF00676616 /* Main.storyboard */ = {
			isa = PBXVariantGroup;
			children = (
				9325B9CE1D6358DF00676616 /* Base */,
			);
			name = Main.storyboard;
			sourceTree = "<group>";
		};
		9325B9D21D6358DF00676616 /* LaunchScreen.storyboard */ = {
			isa = PBXVariantGroup;
			children = (
				9325B9D31D6358DF00676616 /* Base */,
			);
			name = LaunchScreen.storyboard;
			sourceTree = "<group>";
		};
/* End PBXVariantGroup section */

/* Begin XCBuildConfiguration section */
		9325B9D61D6358DF00676616 /* Debug */ = {
			isa = XCBuildConfiguration;
			buildSettings = {
				ALWAYS_SEARCH_USER_PATHS = NO;
				CLANG_ANALYZER_NONNULL = YES;
				CLANG_CXX_LANGUAGE_STANDARD = "gnu++0x";
				CLANG_CXX_LIBRARY = "libc++";
				CLANG_ENABLE_MODULES = YES;
				CLANG_ENABLE_OBJC_ARC = YES;
				CLANG_WARN_BOOL_CONVERSION = YES;
				CLANG_WARN_CONSTANT_CONVERSION = YES;
				CLANG_WARN_DIRECT_OBJC_ISA_USAGE = YES_ERROR;
				CLANG_WARN_EMPTY_BODY = YES;
				CLANG_WARN_ENUM_CONVERSION = YES;
				CLANG_WARN_INT_CONVERSION = YES;
				CLANG_WARN_OBJC_ROOT_CLASS = YES_ERROR;
				CLANG_WARN_UNREACHABLE_CODE = YES;
				CLANG_WARN__DUPLICATE_METHOD_MATCH = YES;
				"CODE_SIGN_IDENTITY[sdk=iphoneos*]" = "iPhone Developer";
				COPY_PHASE_STRIP = NO;
				DEBUG_INFORMATION_FORMAT = dwarf;
				ENABLE_STRICT_OBJC_MSGSEND = YES;
				ENABLE_TESTABILITY = YES;
				GCC_C_LANGUAGE_STANDARD = gnu99;
				GCC_DYNAMIC_NO_PIC = NO;
				GCC_NO_COMMON_BLOCKS = YES;
				GCC_OPTIMIZATION_LEVEL = 0;
				GCC_PREPROCESSOR_DEFINITIONS = (
					"DEBUG=1",
					"$(inherited)",
				);
				GCC_WARN_64_TO_32_BIT_CONVERSION = YES;
				GCC_WARN_ABOUT_RETURN_TYPE = YES_ERROR;
				GCC_WARN_UNDECLARED_SELECTOR = YES;
				GCC_WARN_UNINITIALIZED_AUTOS = YES_AGGRESSIVE;
				GCC_WARN_UNUSED_FUNCTION = YES;
				GCC_WARN_UNUSED_VARIABLE = YES;
				IPHONEOS_DEPLOYMENT_TARGET = 9.3;
				MTL_ENABLE_DEBUG_INFO = YES;
				ONLY_ACTIVE_ARCH = YES;
				SDKROOT = iphoneos;
				SWIFT_OPTIMIZATION_LEVEL = "-Onone";
				TARGETED_DEVICE_FAMILY = "1,2";
			};
			name = Debug;
		};
		9325B9D71D6358DF00676616 /* Release */ = {
			isa = XCBuildConfiguration;
			buildSettings = {
				ALWAYS_SEARCH_USER_PATHS = NO;
				CLANG_ANALYZER_NONNULL = YES;
				CLANG_CXX_LANGUAGE_STANDARD = "gnu++0x";
				CLANG_CXX_LIBRARY = "libc++";
				CLANG_ENABLE_MODULES = YES;
				CLANG_ENABLE_OBJC_ARC = YES;
				CLANG_WARN_BOOL_CONVERSION = YES;
				CLANG_WARN_CONSTANT_CONVERSION = YES;
				CLANG_WARN_DIRECT_OBJC_ISA_USAGE = YES_ERROR;
				CLANG_WARN_EMPTY_BODY = YES;
				CLANG_WARN_ENUM_CONVERSION = YES;
				CLANG_WARN_INT_CONVERSION = YES;
				CLANG_WARN_OBJC_ROOT_CLASS = YES_ERROR;
				CLANG_WARN_UNREACHABLE_CODE = YES;
				CLANG_WARN__DUPLICATE_METHOD_MATCH = YES;
				"CODE_SIGN_IDENTITY[sdk=iphoneos*]" = "iPhone Developer";
				COPY_PHASE_STRIP = NO;
				DEBUG_INFORMATION_FORMAT = "dwarf-with-dsym";
				ENABLE_NS_ASSERTIONS = NO;
				ENABLE_STRICT_OBJC_MSGSEND = YES;
				GCC_C_LANGUAGE_STANDARD = gnu99;
				GCC_NO_COMMON_BLOCKS = YES;
				GCC_WARN_64_TO_32_BIT_CONVERSION = YES;
				GCC_WARN_ABOUT_RETURN_TYPE = YES_ERROR;
				GCC_WARN_UNDECLARED_SELECTOR = YES;
				GCC_WARN_UNINITIALIZED_AUTOS = YES_AGGRESSIVE;
				GCC_WARN_UNUSED_FUNCTION = YES;
				GCC_WARN_UNUSED_VARIABLE = YES;
				IPHONEOS_DEPLOYMENT_TARGET = 9.3;
				MTL_ENABLE_DEBUG_INFO = NO;
				SDKROOT = iphoneos;
				TARGETED_DEVICE_FAMILY = "1,2";
				VALIDATE_PRODUCT = YES;
			};
			name = Release;
		};
		9325B9D91D6358DF00676616 /* Debug */ = {
			isa = XCBuildConfiguration;
			buildSettings = {
				ASSETCATALOG_COMPILER_APPICON_NAME = AppIcon;
				INFOPLIST_FILE = "02-CustomSetting/Info.plist";
				LD_RUNPATH_SEARCH_PATHS = "$(inherited) @executable_path/Frameworks";
				PRODUCT_BUNDLE_IDENTIFIER = "com.classic.-2-CustomSetting";
				PRODUCT_NAME = "$(TARGET_NAME)";
			};
			name = Debug;
		};
		9325B9DA1D6358DF00676616 /* Release */ = {
			isa = XCBuildConfiguration;
			buildSettings = {
				ASSETCATALOG_COMPILER_APPICON_NAME = AppIcon;
				INFOPLIST_FILE = "02-CustomSetting/Info.plist";
				LD_RUNPATH_SEARCH_PATHS = "$(inherited) @executable_path/Frameworks";
				PRODUCT_BUNDLE_IDENTIFIER = "com.classic.-2-CustomSetting";
				PRODUCT_NAME = "$(TARGET_NAME)";
			};
			name = Release;
		};
/* End XCBuildConfiguration section */

/* Begin XCConfigurationList section */
		9325B9C11D6358DF00676616 /* Build configuration list for PBXProject "02-CustomSetting" */ = {
			isa = XCConfigurationList;
			buildConfigurations = (
				9325B9D61D6358DF00676616 /* Debug */,
				9325B9D71D6358DF00676616 /* Release */,
			);
			defaultConfigurationIsVisible = 0;
			defaultConfigurationName = Release;
		};
		9325B9D81D6358DF00676616 /* Build configuration list for PBXNativeTarget "02-CustomSetting" */ = {
			isa = XCConfigurationList;
			buildConfigurations = (
				9325B9D91D6358DF00676616 /* Debug */,
				9325B9DA1D6358DF00676616 /* Release */,
			);
			defaultConfigurationIsVisible = 0;
		};
/* End XCConfigurationList section */
	};
	rootObject = 9325B9BE1D6358DF00676616 /* Project object */;
}
