// !$*UTF8*$!
{
	archiveVersion = 1;
	classes = {
	};
	objectVersion = 46;
	objects = {

/* Begin PBXBuildFile section */
		932FFC621D65A99000C83818 /* AppDelegate.swift in Sources */ = {isa = PBXBuildFile; fileRef = 932FFC611D65A99000C83818 /* AppDelegate.swift */; };
		932FFC641D65A99000C83818 /* ViewController.swift in Sources */ = {isa = PBXBuildFile; fileRef = 932FFC631D65A99000C83818 /* ViewController.swift */; };
		932FFC671D65A99000C83818 /* Main.storyboard in Resources */ = {isa = PBXBuildFile; fileRef = 932FFC651D65A99000C83818 /* Main.storyboard */; };
		932FFC691D65A99000C83818 /* Assets.xcassets in Resources */ = {isa = PBXBuildFile; fileRef = 932FFC681D65A99000C83818 /* Assets.xcassets */; };
		932FFC6C1D65A99000C83818 /* LaunchScreen.storyboard in Resources */ = {isa = PBXBuildFile; fileRef = 932FFC6A1D65A99000C83818 /* LaunchScreen.storyboard */; };
		932FFC741D65AD3B00C83818 /* SecondViewController.swift in Sources */ = {isa = PBXBuildFile; fileRef = 932FFC731D65AD3B00C83818 /* SecondViewController.swift */; };
/* End PBXBuildFile section */

/* Begin PBXFileReference section */
		932FFC5E1D65A99000C83818 /* 05-PassingData.app */ = {isa = PBXFileReference; explicitFileType = wrapper.application; includeInIndex = 0; path = "05-PassingData.app"; sourceTree = BUILT_PRODUCTS_DIR; };
		932FFC611D65A99000C83818 /* AppDelegate.swift */ = {isa = PBXFileReference; lastKnownFileType = sourcecode.swift; path = AppDelegate.swift; sourceTree = "<group>"; };
		932FFC631D65A99000C83818 /* ViewController.swift */ = {isa = PBXFileReference; lastKnownFileType = sourcecode.swift; path = ViewController.swift; sourceTree = "<group>"; };
		932FFC661D65A99000C83818 /* Base */ = {isa = PBXFileReference; lastKnownFileType = file.storyboard; name = Base; path = Base.lproj/Main.storyboard; sourceTree = "<group>"; };
		932FFC681D65A99000C83818 /* Assets.xcassets */ = {isa = PBXFileReference; lastKnownFileType = folder.assetcatalog; path = Assets.xcassets; sourceTree = "<group>"; };
		932FFC6B1D65A99000C83818 /* Base */ = {isa = PBXFileReference; lastKnownFileType = file.storyboard; name = Base; path = Base.lproj/LaunchScreen.storyboard; sourceTree = "<group>"; };
		932FFC6D1D65A99000C83818 /* Info.plist */ = {isa = PBXFileReference; lastKnownFileType = text.plist.xml; path = Info.plist; sourceTree = "<group>"; };
		932FFC731D65AD3B00C83818 /* SecondViewController.swift */ = {isa = PBXFileReference; fileEncoding = 4; lastKnownFileType = sourcecode.swift; path = SecondViewController.swift; sourceTree = "<group>"; };
/* End PBXFileReference section */

/* Begin PBXFrameworksBuildPhase section */
		932FFC5B1D65A99000C83818 /* Frameworks */ = {
			isa = PBXFrameworksBuildPhase;
			buildActionMask = 2147483647;
			files = (
			);
			runOnlyForDeploymentPostprocessing = 0;
		};
/* End PBXFrameworksBuildPhase section */

/* Begin PBXGroup section */
		932FFC551D65A99000C83818 = {
			isa = PBXGroup;
			children = (
				932FFC601D65A99000C83818 /* 05-PassingData */,
				932FFC5F1D65A99000C83818 /* Products */,
			);
			sourceTree = "<group>";
		};
		932FFC5F1D65A99000C83818 /* Products */ = {
			isa = PBXGroup;
			children = (
				932FFC5E1D65A99000C83818 /* 05-PassingData.app */,
			);
			name = Products;
			sourceTree = "<group>";
		};
		932FFC601D65A99000C83818 /* 05-PassingData */ = {
			isa = PBXGroup;
			children = (
				932FFC611D65A99000C83818 /* AppDelegate.swift */,
				932FFC631D65A99000C83818 /* ViewController.swift */,
				932FFC731D65AD3B00C83818 /* SecondViewController.swift */,
				932FFC651D65A99000C83818 /* Main.storyboard */,
				932FFC681D65A99000C83818 /* Assets.xcassets */,
				932FFC6A1D65A99000C83818 /* LaunchScreen.storyboard */,
				932FFC6D1D65A99000C83818 /* Info.plist */,
			);
			path = "05-PassingData";
			sourceTree = "<group>";
		};
/* End PBXGroup section */

/* Begin PBXNativeTarget section */
		932FFC5D1D65A99000C83818 /* 05-PassingData */ = {
			isa = PBXNativeTarget;
			buildConfigurationList = 932FFC701D65A99000C83818 /* Build configuration list for PBXNativeTarget "05-PassingData" */;
			buildPhases = (
				932FFC5A1D65A99000C83818 /* Sources */,
				932FFC5B1D65A99000C83818 /* Frameworks */,
				932FFC5C1D65A99000C83818 /* Resources */,
			);
			buildRules = (
			);
			dependencies = (
			);
			name = "05-PassingData";
			productName = "05-PassingData";
			productReference = 932FFC5E1D65A99000C83818 /* 05-PassingData.app */;
			productType = "com.apple.product-type.application";
		};
/* End PBXNativeTarget section */

/* Begin PBXProject section */
		932FFC561D65A99000C83818 /* Project object */ = {
			isa = PBXProject;
			attributes = {
				LastSwiftUpdateCheck = 0730;
				LastUpgradeCheck = 0730;
				ORGANIZATIONNAME = aaron;
				TargetAttributes = {
					932FFC5D1D65A99000C83818 = {
						CreatedOnToolsVersion = 7.3.1;
					};
				};
			};
			buildConfigurationList = 932FFC591D65A99000C83818 /* Build configuration list for PBXProject "05-PassingData" */;
			compatibilityVersion = "Xcode 3.2";
			developmentRegion = English;
			hasScannedForEncodings = 0;
			knownRegions = (
				en,
				Base,
			);
			mainGroup = 932FFC551D65A99000C83818;
			productRefGroup = 932FFC5F1D65A99000C83818 /* Products */;
			projectDirPath = "";
			projectRoot = "";
			targets = (
				932FFC5D1D65A99000C83818 /* 05-PassingData */,
			);
		};
/* End PBXProject section */

/* Begin PBXResourcesBuildPhase section */
		932FFC5C1D65A99000C83818 /* Resources */ = {
			isa = PBXResourcesBuildPhase;
			buildActionMask = 2147483647;
			files = (
				932FFC6C1D65A99000C83818 /* LaunchScreen.storyboard in Resources */,
				932FFC691D65A99000C83818 /* Assets.xcassets in Resources */,
				932FFC671D65A99000C83818 /* Main.storyboard in Resources */,
			);
			runOnlyForDeploymentPostprocessing = 0;
		};
/* End PBXResourcesBuildPhase section */

/* Begin PBXSourcesBuildPhase section */
		932FFC5A1D65A99000C83818 /* Sources */ = {
			isa = PBXSourcesBuildPhase;
			buildActionMask = 2147483647;
			files = (
				932FFC741D65AD3B00C83818 /* SecondViewController.swift in Sources */,
				932FFC641D65A99000C83818 /* ViewController.swift in Sources */,
				932FFC621D65A99000C83818 /* AppDelegate.swift in Sources */,
			);
			runOnlyForDeploymentPostprocessing = 0;
		};
/* End PBXSourcesBuildPhase section */

/* Begin PBXVariantGroup section */
		932FFC651D65A99000C83818 /* Main.storyboard */ = {
			isa = PBXVariantGroup;
			children = (
				932FFC661D65A99000C83818 /* Base */,
			);
			name = Main.storyboard;
			sourceTree = "<group>";
		};
		932FFC6A1D65A99000C83818 /* LaunchScreen.storyboard */ = {
			isa = PBXVariantGroup;
			children = (
				932FFC6B1D65A99000C83818 /* Base */,
			);
			name = LaunchScreen.storyboard;
			sourceTree = "<group>";
		};
/* End PBXVariantGroup section */

/* Begin XCBuildConfiguration section */
		932FFC6E1D65A99000C83818 /* Debug */ = {
			isa = XCBuildConfiguration;
			buildSettings = {
				ALWAYS_SEARCH_USER_PATHS = NO;
				CLANG_ANALYZER_NONNULL = YES;
				CLANG_CXX_LANGUAGE_STANDARD = "gnu++0x";
				CLANG_CXX_LIBRARY = "libc++";
				CLANG_ENABLE_MODULES = YES;
				CLANG_ENABLE_OBJC_ARC = YES;
				CLANG_WARN_BOOL_CONVERSION = YES;
				CLANG_WARN_CONSTANT_CONVERSION = YES;
				CLANG_WARN_DIRECT_OBJC_ISA_USAGE = YES_ERROR;
				CLANG_WARN_EMPTY_BODY = YES;
				CLANG_WARN_ENUM_CONVERSION = YES;
				CLANG_WARN_INT_CONVERSION = YES;
				CLANG_WARN_OBJC_ROOT_CLASS = YES_ERROR;
				CLANG_WARN_UNREACHABLE_CODE = YES;
				CLANG_WARN__DUPLICATE_METHOD_MATCH = YES;
				"CODE_SIGN_IDENTITY[sdk=iphoneos*]" = "iPhone Developer";
				COPY_PHASE_STRIP = NO;
				DEBUG_INFORMATION_FORMAT = dwarf;
				ENABLE_STRICT_OBJC_MSGSEND = YES;
				ENABLE_TESTABILITY = YES;
				GCC_C_LANGUAGE_STANDARD = gnu99;
				GCC_DYNAMIC_NO_PIC = NO;
				GCC_NO_COMMON_BLOCKS = YES;
				GCC_OPTIMIZATION_LEVEL = 0;
				GCC_PREPROCESSOR_DEFINITIONS = (
					"DEBUG=1",
					"$(inherited)",
				);
				GCC_WARN_64_TO_32_BIT_CONVERSION = YES;
				GCC_WARN_ABOUT_RETURN_TYPE = YES_ERROR;
				GCC_WARN_UNDECLARED_SELECTOR = YES;
				GCC_WARN_UNINITIALIZED_AUTOS = YES_AGGRESSIVE;
				GCC_WARN_UNUSED_FUNCTION = YES;
				GCC_WARN_UNUSED_VARIABLE = YES;
				IPHONEOS_DEPLOYMENT_TARGET = 9.3;
				MTL_ENABLE_DEBUG_INFO = YES;
				ONLY_ACTIVE_ARCH = YES;
				SDKROOT = iphoneos;
				SWIFT_OPTIMIZATION_LEVEL = "-Onone";
				TARGETED_DEVICE_FAMILY = "1,2";
			};
			name = Debug;
		};
		932FFC6F1D65A99000C83818 /* Release */ = {
			isa = XCBuildConfiguration;
			buildSettings = {
				ALWAYS_SEARCH_USER_PATHS = NO;
				CLANG_ANALYZER_NONNULL = YES;
				CLANG_CXX_LANGUAGE_STANDARD = "gnu++0x";
				CLANG_CXX_LIBRARY = "libc++";
				CLANG_ENABLE_MODULES = YES;
				CLANG_ENABLE_OBJC_ARC = YES;
				CLANG_WARN_BOOL_CONVERSION = YES;
				CLANG_WARN_CONSTANT_CONVERSION = YES;
				CLANG_WARN_DIRECT_OBJC_ISA_USAGE = YES_ERROR;
				CLANG_WARN_EMPTY_BODY = YES;
				CLANG_WARN_ENUM_CONVERSION = YES;
				CLANG_WARN_INT_CONVERSION = YES;
				CLANG_WARN_OBJC_ROOT_CLASS = YES_ERROR;
				CLANG_WARN_UNREACHABLE_CODE = YES;
				CLANG_WARN__DUPLICATE_METHOD_MATCH = YES;
				"CODE_SIGN_IDENTITY[sdk=iphoneos*]" = "iPhone Developer";
				COPY_PHASE_STRIP = NO;
				DEBUG_INFORMATION_FORMAT = "dwarf-with-dsym";
				ENABLE_NS_ASSERTIONS = NO;
				ENABLE_STRICT_OBJC_MSGSEND = YES;
				GCC_C_LANGUAGE_STANDARD = gnu99;
				GCC_NO_COMMON_BLOCKS = YES;
				GCC_WARN_64_TO_32_BIT_CONVERSION = YES;
				GCC_WARN_ABOUT_RETURN_TYPE = YES_ERROR;
				GCC_WARN_UNDECLARED_SELECTOR = YES;
				GCC_WARN_UNINITIALIZED_AUTOS = YES_AGGRESSIVE;
				GCC_WARN_UNUSED_FUNCTION = YES;
				GCC_WARN_UNUSED_VARIABLE = YES;
				IPHONEOS_DEPLOYMENT_TARGET = 9.3;
				MTL_ENABLE_DEBUG_INFO = NO;
				SDKROOT = iphoneos;
				TARGETED_DEVICE_FAMILY = "1,2";
				VALIDATE_PRODUCT = YES;
			};
			name = Release;
		};
		932FFC711D65A99000C83818 /* Debug */ = {
			isa = XCBuildConfiguration;
			buildSettings = {
				ASSETCATALOG_COMPILER_APPICON_NAME = AppIcon;
				INFOPLIST_FILE = "05-PassingData/Info.plist";
				LD_RUNPATH_SEARCH_PATHS = "$(inherited) @executable_path/Frameworks";
				PRODUCT_BUNDLE_IDENTIFIER = "com.classic.-5-PassingData";
				PRODUCT_NAME = "$(TARGET_NAME)";
			};
			name = Debug;
		};
		932FFC721D65A99000C83818 /* Release */ = {
			isa = XCBuildConfiguration;
			buildSettings = {
				ASSETCATALOG_COMPILER_APPICON_NAME = AppIcon;
				INFOPLIST_FILE = "05-PassingData/Info.plist";
				LD_RUNPATH_SEARCH_PATHS = "$(inherited) @executable_path/Frameworks";
				PRODUCT_BUNDLE_IDENTIFIER = "com.classic.-5-PassingData";
				PRODUCT_NAME = "$(TARGET_NAME)";
			};
			name = Release;
		};
/* End XCBuildConfiguration section */

/* Begin XCConfigurationList section */
		932FFC591D65A99000C83818 /* Build configuration list for PBXProject "05-PassingData" */ = {
			isa = XCConfigurationList;
			buildConfigurations = (
				932FFC6E1D65A99000C83818 /* Debug */,
				932FFC6F1D65A99000C83818 /* Release */,
			);
			defaultConfigurationIsVisible = 0;
			defaultConfigurationName = Release;
		};
		932FFC701D65A99000C83818 /* Build configuration list for PBXNativeTarget "05-PassingData" */ = {
			isa = XCConfigurationList;
			buildConfigurations = (
				932FFC711D65A99000C83818 /* Debug */,
				932FFC721D65A99000C83818 /* Release */,
			);
			defaultConfigurationIsVisible = 0;
		};
/* End XCConfigurationList section */
	};
	rootObject = 932FFC561D65A99000C83818 /* Project object */;
}
